
Microsoft Visual Studio Solution File, Format Version 12.00
# Visual Studio Version 17
VisualStudioVersion = 17.4.33110.190
MinimumVisualStudioVersion = 10.0.40219.1
Project("{FAE04EC0-301F-11D3-BF4B-00C04F79EFBC}") = "MvcWorkspace", "MvcWorkspace\MvcWorkspace.csproj", "{56DF9A85-BF02-45F0-89A8-CDDE7D2DC1B4}"
EndProject
Global
	GlobalSection(SolutionConfigurationPlatforms) = preSolution
		Debug|Any CPU = Debug|Any CPU
		Release|Any CPU = Release|Any CPU
	EndGlobalSection
	GlobalSection(ProjectConfigurationPlatforms) = postSolution
		{56DF9A85-BF02-45F0-89A8-CDDE7D2DC1B4}.Debug|Any CPU.ActiveCfg = Debug|Any CPU
		{56DF9A85-BF02-45F0-89A8-CDDE7D2DC1B4}.Debug|Any CPU.Build.0 = Debug|Any CPU
		{56DF9A85-BF02-45F0-89A8-CDDE7D2DC1B4}.Release|Any CPU.ActiveCfg = Release|Any CPU
		{56DF9A85-BF02-45F0-89A8-CDDE7D2DC1B4}.Release|Any CPU.Build.0 = Release|Any CPU
	EndGlobalSection
	GlobalSection(SolutionProperties) = preSolution
		HideSolutionNode = FALSE
	EndGlobalSection
	GlobalSection(ExtensibilityGlobals) = postSolution
		SolutionGuid = {DC2F4E69-9E45-4DD6-B568-C4080021F2B4}
	EndGlobalSection
EndGlobal
